
Microsoft Visual Studio Solution File, Format Version 12.00
# Visual Studio 15
VisualStudioVersion = 15.0.28010.2003
MinimumVisualStudioVersion = 10.0.40219.1
Project("{FAE04EC0-301F-11D3-BF4B-00C04F79EFBC}") = "WorkShop2", "WorkShop2\WorkShop2.csproj", "{36987622-0053-410F-B9DA-C58DA9157413}"
EndProject
Global
	GlobalSection(SolutionConfigurationPlatforms) = preSolution
		Debug|Any CPU = Debug|Any CPU
		Release|Any CPU = Release|Any CPU
	EndGlobalSection
	GlobalSection(ProjectConfigurationPlatforms) = postSolution
		{36987622-0053-410F-B9DA-C58DA9157413}.Debug|Any CPU.ActiveCfg = Debug|Any CPU
		{36987622-0053-410F-B9DA-C58DA9157413}.Debug|Any CPU.Build.0 = Debug|Any CPU
		{36987622-0053-410F-B9DA-C58DA9157413}.Release|Any CPU.ActiveCfg = Release|Any CPU
		{36987622-0053-410F-B9DA-C58DA9157413}.Release|Any CPU.Build.0 = Release|Any CPU
	EndGlobalSection
	GlobalSection(SolutionProperties) = preSolution
		HideSolutionNode = FALSE
	EndGlobalSection
	GlobalSection(ExtensibilityGlobals) = postSolution
		SolutionGuid = {4DE1EF52-02E8-4F56-8CC4-37AE9762E974}
	EndGlobalSection
EndGlobal
